
Microsoft Visual Studio Solution File, Format Version 12.00
# Visual Studio Version 17
VisualStudioVersion = 17.4.33213.308
MinimumVisualStudioVersion = 10.0.40219.1
Project("{FAE04EC0-301F-11D3-BF4B-00C04F79EFBC}") = "arifmeticCoding", "arifmeticCoding.csproj", "{82E97800-D749-404C-ADD6-F3574E2BE079}"
EndProject
Global
	GlobalSection(SolutionConfigurationPlatforms) = preSolution
		Debug|Any CPU = Debug|Any CPU
		Release|Any CPU = Release|Any CPU
	EndGlobalSection
	GlobalSection(ProjectConfigurationPlatforms) = postSolution
		{82E97800-D749-404C-ADD6-F3574E2BE079}.Debug|Any CPU.ActiveCfg = Debug|Any CPU
		{82E97800-D749-404C-ADD6-F3574E2BE079}.Debug|Any CPU.Build.0 = Debug|Any CPU
		{82E97800-D749-404C-ADD6-F3574E2BE079}.Release|Any CPU.ActiveCfg = Release|Any CPU
		{82E97800-D749-404C-ADD6-F3574E2BE079}.Release|Any CPU.Build.0 = Release|Any CPU
	EndGlobalSection
	GlobalSection(SolutionProperties) = preSolution
		HideSolutionNode = FALSE
	EndGlobalSection
	GlobalSection(ExtensibilityGlobals) = postSolution
		SolutionGuid = {AB6C4A99-5905-43B7-A532-E86344CAB14A}
	EndGlobalSection
EndGlobal
