
Microsoft Visual Studio Solution File, Format Version 12.00
# Visual Studio Version 17
VisualStudioVersion = 17.4.33213.308
MinimumVisualStudioVersion = 10.0.40219.1
Project("{FAE04EC0-301F-11D3-BF4B-00C04F79EFBC}") = "exchange_BWT", "exchange_BWT.csproj", "{F32DC7E1-0BCC-4E84-97D8-8480C5E70E01}"
EndProject
Global
	GlobalSection(SolutionConfigurationPlatforms) = preSolution
		Debug|Any CPU = Debug|Any CPU
		Release|Any CPU = Release|Any CPU
	EndGlobalSection
	GlobalSection(ProjectConfigurationPlatforms) = postSolution
		{F32DC7E1-0BCC-4E84-97D8-8480C5E70E01}.Debug|Any CPU.ActiveCfg = Debug|Any CPU
		{F32DC7E1-0BCC-4E84-97D8-8480C5E70E01}.Debug|Any CPU.Build.0 = Debug|Any CPU
		{F32DC7E1-0BCC-4E84-97D8-8480C5E70E01}.Release|Any CPU.ActiveCfg = Release|Any CPU
		{F32DC7E1-0BCC-4E84-97D8-8480C5E70E01}.Release|Any CPU.Build.0 = Release|Any CPU
	EndGlobalSection
	GlobalSection(SolutionProperties) = preSolution
		HideSolutionNode = FALSE
	EndGlobalSection
	GlobalSection(ExtensibilityGlobals) = postSolution
		SolutionGuid = {330BA34F-BE28-4851-9AAE-D196C743CAF4}
	EndGlobalSection
EndGlobal
