
Microsoft Visual Studio Solution File, Format Version 12.00
# Visual Studio Version 17
VisualStudioVersion = 17.4.33213.308
MinimumVisualStudioVersion = 10.0.40219.1
Project("{FAE04EC0-301F-11D3-BF4B-00C04F79EFBC}") = "suffix1", "suffix1.csproj", "{7D38D4F4-B53D-44BE-AA4F-3FC68602AD99}"
EndProject
Global
	GlobalSection(SolutionConfigurationPlatforms) = preSolution
		Debug|Any CPU = Debug|Any CPU
		Release|Any CPU = Release|Any CPU
	EndGlobalSection
	GlobalSection(ProjectConfigurationPlatforms) = postSolution
		{7D38D4F4-B53D-44BE-AA4F-3FC68602AD99}.Debug|Any CPU.ActiveCfg = Debug|Any CPU
		{7D38D4F4-B53D-44BE-AA4F-3FC68602AD99}.Debug|Any CPU.Build.0 = Debug|Any CPU
		{7D38D4F4-B53D-44BE-AA4F-3FC68602AD99}.Release|Any CPU.ActiveCfg = Release|Any CPU
		{7D38D4F4-B53D-44BE-AA4F-3FC68602AD99}.Release|Any CPU.Build.0 = Release|Any CPU
	EndGlobalSection
	GlobalSection(SolutionProperties) = preSolution
		HideSolutionNode = FALSE
	EndGlobalSection
	GlobalSection(ExtensibilityGlobals) = postSolution
		SolutionGuid = {428ECF43-DD1C-4107-800D-FE85C6639782}
	EndGlobalSection
EndGlobal
